version = 1
requires-python = ">=3.12"

[[package]]
name = "autocommand"
version = "2.2.2"
source = { registry = "https://pypi.org/simple" }
sdist = { url = "https://files.pythonhosted.org/packages/5b/18/774bddb96bc0dc0a2b8ac2d2a0e686639744378883da0fc3b96a54192d7a/autocommand-2.2.2.tar.gz", hash = "sha256:878de9423c5596491167225c2a455043c3130fb5b7286ac83443d45e74955f34", size = 22894 }
wheels = [
    { url = "https://files.pythonhosted.org/packages/b5/62/05203c39d21aa3171454a6c5391ea3b582a97bfb1bc1adad25628331a1cd/autocommand-2.2.2-py3-none-any.whl", hash = "sha256:710afe251075e038e19e815e25f8155cabe02196cfb545b2185e0d9c8b2b0459", size = 19377 },
]

[[package]]
name = "jaraco-context"
version = "6.0.1"
source = { registry = "https://pypi.org/simple" }
sdist = { url = "https://files.pythonhosted.org/packages/df/ad/f3777b81bf0b6e7bc7514a1656d3e637b2e8e15fab2ce3235730b3e7a4e6/jaraco_context-6.0.1.tar.gz", hash = "sha256:9bae4ea555cf0b14938dc0aee7c9f32ed303aa20a3b73e7dc80111628792d1b3", size = 13912 }
wheels = [
    { url = "https://files.pythonhosted.org/packages/ff/db/0c52c4cf5e4bd9f5d7135ec7669a3a767af21b3a308e1ed3674881e52b62/jaraco.context-6.0.1-py3-none-any.whl", hash = "sha256:f797fc481b490edb305122c9181830a3a5b76d84ef6d1aef2fb9b47ab956f9e4", size = 6825 },
]

[[package]]
name = "jaraco-functools"
version = "4.0.2"
source = { registry = "https://pypi.org/simple" }
dependencies = [
    { name = "more-itertools" },
]
sdist = { url = "https://files.pythonhosted.org/packages/03/b1/6ca3c2052e584e9908a2c146f00378939b3c51b839304ab8ef4de067f042/jaraco_functools-4.0.2.tar.gz", hash = "sha256:3460c74cd0d32bf82b9576bbb3527c4364d5b27a21f5158a62aed6c4b42e23f5", size = 18319 }
wheels = [
    { url = "https://files.pythonhosted.org/packages/b1/54/7623e24ffc63730c3a619101361b08860c6b7c7cfc1aef6edb66d80ed708/jaraco.functools-4.0.2-py3-none-any.whl", hash = "sha256:c9d16a3ed4ccb5a889ad8e0b7a343401ee5b2a71cee6ed192d3f68bc351e94e3", size = 9883 },
]

[[package]]
name = "jaraco-text"
version = "4.0.0"
source = { registry = "https://pypi.org/simple" }
dependencies = [
    { name = "autocommand" },
    { name = "jaraco-context" },
    { name = "jaraco-functools" },
    { name = "more-itertools" },
]
sdist = { url = "https://files.pythonhosted.org/packages/4f/00/1b4dbbc5c6dcb87a4278cc229b2b560484bf231bba7922686c5139e5f934/jaraco_text-4.0.0.tar.gz", hash = "sha256:5b71fecea69ab6f939d4c906c04fee1eda76500d1641117df6ec45b865f10db0", size = 17009 }
wheels = [
    { url = "https://files.pythonhosted.org/packages/2f/29/350039bde32fbd7000e2fb81e1c4e42a857b5e77bcbaf6267c806c70ab9a/jaraco.text-4.0.0-py3-none-any.whl", hash = "sha256:08de508939b5e681b14cdac2f1f73036cd97f6f8d7b25e96b8911a9a428ca0d1", size = 11542 },
]

[[package]]
name = "more-itertools"
version = "10.4.0"
source = { registry = "https://pypi.org/simple" }
sdist = { url = "https://files.pythonhosted.org/packages/92/0d/ad6a82320cb8eba710fd0dceb0f678d5a1b58d67d03ae5be14874baa39e0/more-itertools-10.4.0.tar.gz", hash = "sha256:fe0e63c4ab068eac62410ab05cccca2dc71ec44ba8ef29916a0090df061cf923", size = 120755 }
wheels = [
    { url = "https://files.pythonhosted.org/packages/d8/0b/6a51175e1395774449fca317fb8861379b7a2d59be411b8cce3d19d6ce78/more_itertools-10.4.0-py3-none-any.whl", hash = "sha256:0f7d9f83a0a8dcfa8a2694a770590d98a67ea943e3d9f5298309a484758c4e27", size = 60935 },
]

[[package]]
name = "numpy"
version = "2.1.1"
source = { registry = "https://pypi.org/simple" }
sdist = { url = "https://files.pythonhosted.org/packages/59/5f/9003bb3e632f2b58f5e3a3378902dcc73c5518070736c6740fe52454e8e1/numpy-2.1.1.tar.gz", hash = "sha256:d0cf7d55b1051387807405b3898efafa862997b4cba8aa5dbe657be794afeafd", size = 18874860 }
wheels = [
    { url = "https://files.pythonhosted.org/packages/36/11/c573ef66c004f991989c2c6218229d9003164525549409aec5ec9afc0285/numpy-2.1.1-cp312-cp312-macosx_10_9_x86_64.whl", hash = "sha256:7c803b7934a7f59563db459292e6aa078bb38b7ab1446ca38dd138646a38203e", size = 20884403 },
    { url = "https://files.pythonhosted.org/packages/6b/6c/a9fbef5fd2f9685212af2a9e47485cde9357c3e303e079ccf85127516f2d/numpy-2.1.1-cp312-cp312-macosx_11_0_arm64.whl", hash = "sha256:6435c48250c12f001920f0751fe50c0348f5f240852cfddc5e2f97e007544cbe", size = 13493375 },
    { url = "https://files.pythonhosted.org/packages/34/f2/1316a6b08ad4c161d793abe81ff7181e9ae2e357a5b06352a383b9f8e800/numpy-2.1.1-cp312-cp312-macosx_14_0_arm64.whl", hash = "sha256:3269c9eb8745e8d975980b3a7411a98976824e1fdef11f0aacf76147f662b15f", size = 5088823 },
    { url = "https://files.pythonhosted.org/packages/be/15/fabf78a6d4a10c250e87daf1cd901af05e71501380532ac508879cc46a7e/numpy-2.1.1-cp312-cp312-macosx_14_0_x86_64.whl", hash = "sha256:fac6e277a41163d27dfab5f4ec1f7a83fac94e170665a4a50191b545721c6521", size = 6619825 },
    { url = "https://files.pythonhosted.org/packages/9f/8a/76ddef3e621541ddd6984bc24d256a4e3422d036790cbbe449e6cad439ee/numpy-2.1.1-cp312-cp312-manylinux_2_17_aarch64.manylinux2014_aarch64.whl", hash = "sha256:fcd8f556cdc8cfe35e70efb92463082b7f43dd7e547eb071ffc36abc0ca4699b", size = 13696705 },
    { url = "https://files.pythonhosted.org/packages/cb/22/2b840d297183916a95847c11f82ae11e248fa98113490b2357f774651e1d/numpy-2.1.1-cp312-cp312-manylinux_2_17_x86_64.manylinux2014_x86_64.whl", hash = "sha256:d2b9cd92c8f8e7b313b80e93cedc12c0112088541dcedd9197b5dee3738c1201", size = 16041649 },
    { url = "https://files.pythonhosted.org/packages/c7/e8/6f4825d8f576cfd5e4d6515b9eec22bd618868bdafc8a8c08b446dcb65f0/numpy-2.1.1-cp312-cp312-musllinux_1_1_x86_64.whl", hash = "sha256:afd9c680df4de71cd58582b51e88a61feed4abcc7530bcd3d48483f20fc76f2a", size = 16409358 },
    { url = "https://files.pythonhosted.org/packages/bf/f8/5edf1105b0dc24fd66fc3e9e7f3bca3d920cde571caaa4375ec1566073c3/numpy-2.1.1-cp312-cp312-musllinux_1_2_aarch64.whl", hash = "sha256:8661c94e3aad18e1ea17a11f60f843a4933ccaf1a25a7c6a9182af70610b2313", size = 14172488 },
    { url = "https://files.pythonhosted.org/packages/f4/c2/dddca3e69a024d2f249a5b68698328163cbdafb7e65fbf6d36373bbabf12/numpy-2.1.1-cp312-cp312-win32.whl", hash = "sha256:950802d17a33c07cba7fd7c3dcfa7d64705509206be1606f196d179e539111ed", size = 6237195 },
    { url = "https://files.pythonhosted.org/packages/b7/98/5640a09daa3abf0caeaefa6e7bf0d10c0aa28a77c84e507d6a716e0e23df/numpy-2.1.1-cp312-cp312-win_amd64.whl", hash = "sha256:3fc5eabfc720db95d68e6646e88f8b399bfedd235994016351b1d9e062c4b270", size = 12568082 },
    { url = "https://files.pythonhosted.org/packages/6b/9e/8bc6f133bc6d359ccc9ec051853aded45504d217685191f31f46d36b7065/numpy-2.1.1-cp313-cp313-macosx_10_13_x86_64.whl", hash = "sha256:046356b19d7ad1890c751b99acad5e82dc4a02232013bd9a9a712fddf8eb60f5", size = 20834810 },
    { url = "https://files.pythonhosted.org/packages/32/1b/429519a2fa28681814c511574017d35f3aab7136d554cc65f4c1526dfbf5/numpy-2.1.1-cp313-cp313-macosx_11_0_arm64.whl", hash = "sha256:6e5a9cb2be39350ae6c8f79410744e80154df658d5bea06e06e0ac5bb75480d5", size = 13507739 },
    { url = "https://files.pythonhosted.org/packages/25/18/c732d7dd9896d11e4afcd487ac65e62f9fa0495563b7614eb850765361fa/numpy-2.1.1-cp313-cp313-macosx_14_0_arm64.whl", hash = "sha256:d4c57b68c8ef5e1ebf47238e99bf27657511ec3f071c465f6b1bccbef12d4136", size = 5074465 },
    { url = "https://files.pythonhosted.org/packages/3e/37/838b7ae9262c370ab25312bab365492016f11810ffc03ebebbd54670b669/numpy-2.1.1-cp313-cp313-macosx_14_0_x86_64.whl", hash = "sha256:8ae0fd135e0b157365ac7cc31fff27f07a5572bdfc38f9c2d43b2aff416cc8b0", size = 6606418 },
    { url = "https://files.pythonhosted.org/packages/8b/b9/7ff3bfb71e316a5b43a124c4b7a5881ab12f3c32636014bef1f757f19dbd/numpy-2.1.1-cp313-cp313-manylinux_2_17_aarch64.manylinux2014_aarch64.whl", hash = "sha256:981707f6b31b59c0c24bcda52e5605f9701cb46da4b86c2e8023656ad3e833cb", size = 13692464 },
    { url = "https://files.pythonhosted.org/packages/42/78/75bcf16e6737cd196ff7ecf0e1fd3f953293a34dff4fd93fb488e8308536/numpy-2.1.1-cp313-cp313-manylinux_2_17_x86_64.manylinux2014_x86_64.whl", hash = "sha256:2ca4b53e1e0b279142113b8c5eb7d7a877e967c306edc34f3b58e9be12fda8df", size = 16037763 },
    { url = "https://files.pythonhosted.org/packages/23/99/36bf5ffe034d06df307bc783e25cf164775863166dcd878879559fe0379f/numpy-2.1.1-cp313-cp313-musllinux_1_1_x86_64.whl", hash = "sha256:e097507396c0be4e547ff15b13dc3866f45f3680f789c1a1301b07dadd3fbc78", size = 16410374 },
    { url = "https://files.pythonhosted.org/packages/7f/16/04c5dab564887d4cd31a9ed30e51467fa70d52a4425f5a9bd1eed5b3d34c/numpy-2.1.1-cp313-cp313-musllinux_1_2_aarch64.whl", hash = "sha256:f7506387e191fe8cdb267f912469a3cccc538ab108471291636a96a54e599556", size = 14169873 },
    { url = "https://files.pythonhosted.org/packages/09/e0/d1b5adbf1731886c4186c59a9fa208585df9452a43a2b60e79af7c649717/numpy-2.1.1-cp313-cp313-win32.whl", hash = "sha256:251105b7c42abe40e3a689881e1793370cc9724ad50d64b30b358bbb3a97553b", size = 6234118 },
    { url = "https://files.pythonhosted.org/packages/d0/9c/2391ee6e9ebe77232ddcab29d92662b545e99d78c3eb3b4e26d59b9ca1ca/numpy-2.1.1-cp313-cp313-win_amd64.whl", hash = "sha256:f212d4f46b67ff604d11fff7cc62d36b3e8714edf68e44e9760e19be38c03eb0", size = 12561742 },
    { url = "https://files.pythonhosted.org/packages/38/0e/c4f754f9e73f9bb520e8bf418c646f2c4f70c5d5f2bc561e90f884593193/numpy-2.1.1-cp313-cp313t-macosx_10_13_x86_64.whl", hash = "sha256:920b0911bb2e4414c50e55bd658baeb78281a47feeb064ab40c2b66ecba85553", size = 20858403 },
    { url = "https://files.pythonhosted.org/packages/32/fc/d69092b9171efa0cb8079577e71ce0cac0e08f917d33f6e99c916ed51d44/numpy-2.1.1-cp313-cp313t-macosx_11_0_arm64.whl", hash = "sha256:bab7c09454460a487e631ffc0c42057e3d8f2a9ddccd1e60c7bb8ed774992480", size = 13519851 },
    { url = "https://files.pythonhosted.org/packages/14/2a/d7cf2cd9f15b23f623075546ea64a2c367cab703338ca22aaaecf7e704df/numpy-2.1.1-cp313-cp313t-macosx_14_0_arm64.whl", hash = "sha256:cea427d1350f3fd0d2818ce7350095c1a2ee33e30961d2f0fef48576ddbbe90f", size = 5115444 },
    { url = "https://files.pythonhosted.org/packages/8e/00/e87b2cb4afcecca3b678deefb8fa53005d7054f3b5c39596e5554e5d98f8/numpy-2.1.1-cp313-cp313t-macosx_14_0_x86_64.whl", hash = "sha256:e30356d530528a42eeba51420ae8bf6c6c09559051887196599d96ee5f536468", size = 6628903 },
    { url = "https://files.pythonhosted.org/packages/ab/9d/337ae8721b3beec48c3413d71f2d44b2defbf3c6f7a85184fc18b7b61f4a/numpy-2.1.1-cp313-cp313t-manylinux_2_17_aarch64.manylinux2014_aarch64.whl", hash = "sha256:e8dfa9e94fc127c40979c3eacbae1e61fda4fe71d84869cc129e2721973231ef", size = 13665945 },
    { url = "https://files.pythonhosted.org/packages/c0/90/ee8668e84c5d5cc080ef3beb622c016adf19ca3aa51afe9dbdcc6a9baf59/numpy-2.1.1-cp313-cp313t-manylinux_2_17_x86_64.manylinux2014_x86_64.whl", hash = "sha256:910b47a6d0635ec1bd53b88f86120a52bf56dcc27b51f18c7b4a2e2224c29f0f", size = 16023473 },
    { url = "https://files.pythonhosted.org/packages/38/a0/57c24b2131879183051dc698fbb53fd43b77c3fa85b6e6311014f2bc2973/numpy-2.1.1-cp313-cp313t-musllinux_1_1_x86_64.whl", hash = "sha256:13cc11c00000848702322af4de0147ced365c81d66053a67c2e962a485b3717c", size = 16400624 },
    { url = "https://files.pythonhosted.org/packages/bb/4c/14a41eb5c9548c6cee6af0936eabfd985c69230ffa2f2598321431a9aa0a/numpy-2.1.1-cp313-cp313t-musllinux_1_2_aarch64.whl", hash = "sha256:53e27293b3a2b661c03f79aa51c3987492bd4641ef933e366e0f9f6c9bf257ec", size = 14155072 },
]

[[package]]
name = "pkmtyping"
version = "0.1.0"
source = { virtual = "." }
dependencies = [
    { name = "jaraco-text" },
    { name = "numpy" },
    { name = "pygame" },
    { name = "setuptools" },
]

[package.metadata]
requires-dist = [
    { name = "jaraco-text", specifier = ">=4.0.0" },
    { name = "numpy", specifier = ">=2.1.1" },
    { name = "pygame", specifier = ">=2.6.0" },
    { name = "setuptools", specifier = ">=74.1.2" },
]

[[package]]
name = "pygame"
version = "2.6.0"
source = { registry = "https://pypi.org/simple" }
sdist = { url = "https://files.pythonhosted.org/packages/72/49/bd2fcbadb6a55bb24284bad4f530189401c99ffc234d51ba54756a776eb2/pygame-2.6.0.tar.gz", hash = "sha256:722d33ae676aa8533c1f955eded966411298831346b8d51a77dad22e46ba3e35", size = 15787643 }
wheels = [
    { url = "https://files.pythonhosted.org/packages/37/15/c6c2d48615927ed44b1f4f4b5a26a9e47522946b68438be7177c3471fc64/pygame-2.6.0-cp312-cp312-macosx_10_9_x86_64.whl", hash = "sha256:b834711ebc8b9d0c2a5f9bfae4403dd277b2c61bcb689e1aa630d01a1ebcf40a", size = 13117982 },
    { url = "https://files.pythonhosted.org/packages/86/bc/70cc481a735b24a02b13256c0de618c6908dcd3561df518abe6f3c0ad24e/pygame-2.6.0-cp312-cp312-macosx_11_0_arm64.whl", hash = "sha256:b5ac288655e8a31a303cc286e79cc57979ed2ba19c3a14042d4b6391c1d3bed2", size = 12383981 },
    { url = "https://files.pythonhosted.org/packages/bd/de/d18d0476dd35c6238cfe66516629ef634976fe0ac9525fa45282f774e219/pygame-2.6.0-cp312-cp312-manylinux_2_17_aarch64.manylinux2014_aarch64.whl", hash = "sha256:d666667b7826b0a7921b8ce0a282ba5281dfa106976c1a3b24e32a0af65ad3b1", size = 13587441 },
    { url = "https://files.pythonhosted.org/packages/e8/1f/d3d6dab1956a7a23cef23900a2cae2c738d4662f04cdc90d12235955a575/pygame-2.6.0-cp312-cp312-manylinux_2_17_i686.manylinux2014_i686.whl", hash = "sha256:fd8848a37a7cee37854c7efb8d451334477c9f8ce7ac339c079e724dc1334a76", size = 14280884 },
    { url = "https://files.pythonhosted.org/packages/70/da/5c71f05e2d76e0d28153a2d8a52f324908849bf02d70958e5b403ca3ab73/pygame-2.6.0-cp312-cp312-manylinux_2_17_x86_64.manylinux2014_x86_64.whl", hash = "sha256:315e7b3c1c573984f549ac5da9778ac4709b3b4e3a4061050d94eab63fa4fe31", size = 13956091 },
    { url = "https://files.pythonhosted.org/packages/2a/16/ec73fd2350df6620f3471c1a7df06bcd392d7ad99823cabe5b82d54b7df8/pygame-2.6.0-cp312-cp312-win32.whl", hash = "sha256:e44bde0840cc21a91c9d368846ac538d106cf0668be1a6030f48df139609d1e8", size = 10383625 },
    { url = "https://files.pythonhosted.org/packages/c2/a2/7a4e02e5833e7391ca4e4e08bdda0bdab6672d8ce3ddee433d50297135ec/pygame-2.6.0-cp312-cp312-win_amd64.whl", hash = "sha256:1c429824b1f881a7a5ce3b5c2014d3d182aa45a22cea33c8347a3971a5446907", size = 10754182 },
]

[[package]]
name = "setuptools"
version = "74.1.2"
source = { registry = "https://pypi.org/simple" }
sdist = { url = "https://files.pythonhosted.org/packages/3e/2c/f0a538a2f91ce633a78daaeb34cbfb93a54bd2132a6de1f6cec028eee6ef/setuptools-74.1.2.tar.gz", hash = "sha256:95b40ed940a1c67eb70fc099094bd6e99c6ee7c23aa2306f4d2697ba7916f9c6", size = 1356467 }
wheels = [
    { url = "https://files.pythonhosted.org/packages/cb/9c/9ad11ac06b97e55ada655f8a6bea9d1d3f06e120b178cd578d80e558191d/setuptools-74.1.2-py3-none-any.whl", hash = "sha256:5f4c08aa4d3ebcb57a50c33b1b07e94315d7fc7230f7115e47fc99776c8ce308", size = 1262071 },
]
